
Microsoft Visual Studio Solution File, Format Version 12.00
# Visual Studio Version 17
VisualStudioVersion = 17.10.34928.147
MinimumVisualStudioVersion = 10.0.40219.1
Project("{FAE04EC0-301F-11D3-BF4B-00C04F79EFBC}") = "MyLibrary", "MyLibrary\MyLibrary.csproj", "{69412177-5CA4-48FD-8EC2-F7EF14DF7376}"
EndProject
Project("{FAE04EC0-301F-11D3-BF4B-00C04F79EFBC}") = "MyLibrary.Test", "MyLibrary.Test\MyLibrary.Test.csproj", "{D9250DC3-83A4-4CB0-A873-A5B224CE7FB8}"
EndProject
Project("{FAE04EC0-301F-11D3-BF4B-00C04F79EFBC}") = "ReadApi", "ReadApi\ReadApi.csproj", "{7DA8A28D-D77F-4213-A70B-FBE994748D5E}"
EndProject
Global
	GlobalSection(SolutionConfigurationPlatforms) = preSolution
		Debug|Any CPU = Debug|Any CPU
		Release|Any CPU = Release|Any CPU
	EndGlobalSection
	GlobalSection(ProjectConfigurationPlatforms) = postSolution
		{69412177-5CA4-48FD-8EC2-F7EF14DF7376}.Debug|Any CPU.ActiveCfg = Debug|Any CPU
		{69412177-5CA4-48FD-8EC2-F7EF14DF7376}.Debug|Any CPU.Build.0 = Debug|Any CPU
		{69412177-5CA4-48FD-8EC2-F7EF14DF7376}.Release|Any CPU.ActiveCfg = Release|Any CPU
		{69412177-5CA4-48FD-8EC2-F7EF14DF7376}.Release|Any CPU.Build.0 = Release|Any CPU
		{D9250DC3-83A4-4CB0-A873-A5B224CE7FB8}.Debug|Any CPU.ActiveCfg = Debug|Any CPU
		{D9250DC3-83A4-4CB0-A873-A5B224CE7FB8}.Debug|Any CPU.Build.0 = Debug|Any CPU
		{D9250DC3-83A4-4CB0-A873-A5B224CE7FB8}.Release|Any CPU.ActiveCfg = Release|Any CPU
		{D9250DC3-83A4-4CB0-A873-A5B224CE7FB8}.Release|Any CPU.Build.0 = Release|Any CPU
		{7DA8A28D-D77F-4213-A70B-FBE994748D5E}.Debug|Any CPU.ActiveCfg = Debug|Any CPU
		{7DA8A28D-D77F-4213-A70B-FBE994748D5E}.Debug|Any CPU.Build.0 = Debug|Any CPU
		{7DA8A28D-D77F-4213-A70B-FBE994748D5E}.Release|Any CPU.ActiveCfg = Release|Any CPU
		{7DA8A28D-D77F-4213-A70B-FBE994748D5E}.Release|Any CPU.Build.0 = Release|Any CPU
	EndGlobalSection
	GlobalSection(SolutionProperties) = preSolution
		HideSolutionNode = FALSE
	EndGlobalSection
	GlobalSection(ExtensibilityGlobals) = postSolution
		SolutionGuid = {6889BF91-E277-4390-82FA-35F13FC0518F}
	EndGlobalSection
EndGlobal
